
Microsoft Visual Studio Solution File, Format Version 12.00
# Visual Studio Version 17
VisualStudioVersion = 17.2.32602.215
MinimumVisualStudioVersion = 10.0.40219.1
Project("{FAE04EC0-301F-11D3-BF4B-00C04F79EFBC}") = "Question1", "Question1.csproj", "{3DB2AFA9-17D5-45D3-AB4D-F2FFFB67ADA5}"
EndProject
Project("{FAE04EC0-301F-11D3-BF4B-00C04F79EFBC}") = "Test", "..\Test\Test.csproj", "{E99CED1F-5C4A-4E69-8FCE-EDAB918B1AB2}"
EndProject
Project("{FAE04EC0-301F-11D3-BF4B-00C04F79EFBC}") = "Question2", "..\Question2\Question2.csproj", "{A795E0D2-9302-4FEE-BEC0-10ECF9B25C1F}"
EndProject
Global
	GlobalSection(SolutionConfigurationPlatforms) = preSolution
		Debug|Any CPU = Debug|Any CPU
		Release|Any CPU = Release|Any CPU
	EndGlobalSection
	GlobalSection(ProjectConfigurationPlatforms) = postSolution
		{3DB2AFA9-17D5-45D3-AB4D-F2FFFB67ADA5}.Debug|Any CPU.ActiveCfg = Debug|Any CPU
		{3DB2AFA9-17D5-45D3-AB4D-F2FFFB67ADA5}.Debug|Any CPU.Build.0 = Debug|Any CPU
		{3DB2AFA9-17D5-45D3-AB4D-F2FFFB67ADA5}.Release|Any CPU.ActiveCfg = Release|Any CPU
		{3DB2AFA9-17D5-45D3-AB4D-F2FFFB67ADA5}.Release|Any CPU.Build.0 = Release|Any CPU
		{E99CED1F-5C4A-4E69-8FCE-EDAB918B1AB2}.Debug|Any CPU.ActiveCfg = Debug|Any CPU
		{E99CED1F-5C4A-4E69-8FCE-EDAB918B1AB2}.Debug|Any CPU.Build.0 = Debug|Any CPU
		{E99CED1F-5C4A-4E69-8FCE-EDAB918B1AB2}.Release|Any CPU.ActiveCfg = Release|Any CPU
		{E99CED1F-5C4A-4E69-8FCE-EDAB918B1AB2}.Release|Any CPU.Build.0 = Release|Any CPU
		{A795E0D2-9302-4FEE-BEC0-10ECF9B25C1F}.Debug|Any CPU.ActiveCfg = Debug|Any CPU
		{A795E0D2-9302-4FEE-BEC0-10ECF9B25C1F}.Debug|Any CPU.Build.0 = Debug|Any CPU
		{A795E0D2-9302-4FEE-BEC0-10ECF9B25C1F}.Release|Any CPU.ActiveCfg = Release|Any CPU
		{A795E0D2-9302-4FEE-BEC0-10ECF9B25C1F}.Release|Any CPU.Build.0 = Release|Any CPU
	EndGlobalSection
	GlobalSection(SolutionProperties) = preSolution
		HideSolutionNode = FALSE
	EndGlobalSection
	GlobalSection(ExtensibilityGlobals) = postSolution
		SolutionGuid = {C0EB4848-8B07-4A7B-8FCA-154A4F33F0BA}
	EndGlobalSection
EndGlobal
